
Microsoft Visual Studio Solution File, Format Version 12.00
# Visual Studio Version 17
VisualStudioVersion = 17.6.33723.286
MinimumVisualStudioVersion = 10.0.40219.1
Project("{9A19103F-16F7-4668-BE54-9A1E7A4F7556}") = "EpicGameEngine", "EpicGameEngine.csproj", "{766A9C82-47F8-4DC1-B957-F37B9950CCA8}"
EndProject
Global
	GlobalSection(SolutionConfigurationPlatforms) = preSolution
		Debug|Any CPU = Debug|Any CPU
		Release|Any CPU = Release|Any CPU
	EndGlobalSection
	GlobalSection(ProjectConfigurationPlatforms) = postSolution
		{766A9C82-47F8-4DC1-B957-F37B9950CCA8}.Debug|Any CPU.ActiveCfg = Debug|Any CPU
		{766A9C82-47F8-4DC1-B957-F37B9950CCA8}.Debug|Any CPU.Build.0 = Debug|Any CPU
		{766A9C82-47F8-4DC1-B957-F37B9950CCA8}.Release|Any CPU.ActiveCfg = Release|Any CPU
		{766A9C82-47F8-4DC1-B957-F37B9950CCA8}.Release|Any CPU.Build.0 = Release|Any CPU
	EndGlobalSection
	GlobalSection(SolutionProperties) = preSolution
		HideSolutionNode = FALSE
	EndGlobalSection
	GlobalSection(ExtensibilityGlobals) = postSolution
		SolutionGuid = {110C2FDD-DC8E-45BA-9DEE-C05CFBF323F0}
	EndGlobalSection
EndGlobal
